// !$*UTF8*$!
{
	archiveVersion = 1;
	classes = {
	};
	objectVersion = 50;
	objects = {

/* Begin PBXBuildFile section */
		F09CA3772344EACC00342FB2 /* AppDelegate.swift in Sources */ = {isa = PBXBuildFile; fileRef = F09CA3762344EACC00342FB2 /* AppDelegate.swift */; };
		F09CA3792344EACC00342FB2 /* SceneDelegate.swift in Sources */ = {isa = PBXBuildFile; fileRef = F09CA3782344EACC00342FB2 /* SceneDelegate.swift */; };
		F09CA37B2344EACC00342FB2 /* ViewController.swift in Sources */ = {isa = PBXBuildFile; fileRef = F09CA37A2344EACC00342FB2 /* ViewController.swift */; };
		F09CA37E2344EACC00342FB2 /* Main.storyboard in Resources */ = {isa = PBXBuildFile; fileRef = F09CA37C2344EACC00342FB2 /* Main.storyboard */; };
		F09CA3802344EACD00342FB2 /* Assets.xcassets in Resources */ = {isa = PBXBuildFile; fileRef = F09CA37F2344EACD00342FB2 /* Assets.xcassets */; };
		F09CA3832344EACD00342FB2 /* LaunchScreen.storyboard in Resources */ = {isa = PBXBuildFile; fileRef = F09CA3812344EACD00342FB2 /* LaunchScreen.storyboard */; };
		F09CA3AB2344F62800342FB2 /* MockURLProtocol.swift in Sources */ = {isa = PBXBuildFile; fileRef = F09CA3AA2344F62800342FB2 /* MockURLProtocol.swift */; };
		F09CA3BA2344F64C00342FB2 /* MockURLProtocol.swift in Sources */ = {isa = PBXBuildFile; fileRef = F09CA3AA2344F62800342FB2 /* MockURLProtocol.swift */; };
		F09CA3BD2344F6D100342FB2 /* ArticlesViewModel.swift in Sources */ = {isa = PBXBuildFile; fileRef = F09CA3BC2344F6D100342FB2 /* ArticlesViewModel.swift */; };
		F09CA3BF2344F88800342FB2 /* NetworkResult.swift in Sources */ = {isa = PBXBuildFile; fileRef = F09CA3BE2344F88800342FB2 /* NetworkResult.swift */; };
		F09CA3C12344FF2700342FB2 /* ArticleViewModelTests.swift in Sources */ = {isa = PBXBuildFile; fileRef = F09CA3C02344FF2700342FB2 /* ArticleViewModelTests.swift */; };
/* End PBXBuildFile section */

/* Begin PBXContainerItemProxy section */
		F09CA3B52344F64300342FB2 /* PBXContainerItemProxy */ = {
			isa = PBXContainerItemProxy;
			containerPortal = F09CA36B2344EACC00342FB2 /* Project object */;
			proxyType = 1;
			remoteGlobalIDString = F09CA3722344EACC00342FB2;
			remoteInfo = "iOSTesting-Techniques";
		};
/* End PBXContainerItemProxy section */

/* Begin PBXFileReference section */
		F09CA3732344EACC00342FB2 /* iOSTesting-Techniques.app */ = {isa = PBXFileReference; explicitFileType = wrapper.application; includeInIndex = 0; path = "iOSTesting-Techniques.app"; sourceTree = BUILT_PRODUCTS_DIR; };
		F09CA3762344EACC00342FB2 /* AppDelegate.swift */ = {isa = PBXFileReference; lastKnownFileType = sourcecode.swift; path = AppDelegate.swift; sourceTree = "<group>"; };
		F09CA3782344EACC00342FB2 /* SceneDelegate.swift */ = {isa = PBXFileReference; lastKnownFileType = sourcecode.swift; path = SceneDelegate.swift; sourceTree = "<group>"; };
		F09CA37A2344EACC00342FB2 /* ViewController.swift */ = {isa = PBXFileReference; lastKnownFileType = sourcecode.swift; path = ViewController.swift; sourceTree = "<group>"; };
		F09CA37D2344EACC00342FB2 /* Base */ = {isa = PBXFileReference; lastKnownFileType = file.storyboard; name = Base; path = Base.lproj/Main.storyboard; sourceTree = "<group>"; };
		F09CA37F2344EACD00342FB2 /* Assets.xcassets */ = {isa = PBXFileReference; lastKnownFileType = folder.assetcatalog; path = Assets.xcassets; sourceTree = "<group>"; };
		F09CA3822344EACD00342FB2 /* Base */ = {isa = PBXFileReference; lastKnownFileType = file.storyboard; name = Base; path = Base.lproj/LaunchScreen.storyboard; sourceTree = "<group>"; };
		F09CA3842344EACD00342FB2 /* Info.plist */ = {isa = PBXFileReference; lastKnownFileType = text.plist.xml; path = Info.plist; sourceTree = "<group>"; };
		F09CA3AA2344F62800342FB2 /* MockURLProtocol.swift */ = {isa = PBXFileReference; lastKnownFileType = sourcecode.swift; path = MockURLProtocol.swift; sourceTree = "<group>"; };
		F09CA3B02344F64300342FB2 /* iOSTesting-TechniquesTests.xctest */ = {isa = PBXFileReference; explicitFileType = wrapper.cfbundle; includeInIndex = 0; path = "iOSTesting-TechniquesTests.xctest"; sourceTree = BUILT_PRODUCTS_DIR; };
		F09CA3B42344F64300342FB2 /* Info.plist */ = {isa = PBXFileReference; lastKnownFileType = text.plist.xml; path = Info.plist; sourceTree = "<group>"; };
		F09CA3BC2344F6D100342FB2 /* ArticlesViewModel.swift */ = {isa = PBXFileReference; lastKnownFileType = sourcecode.swift; path = ArticlesViewModel.swift; sourceTree = "<group>"; };
		F09CA3BE2344F88800342FB2 /* NetworkResult.swift */ = {isa = PBXFileReference; lastKnownFileType = sourcecode.swift; path = NetworkResult.swift; sourceTree = "<group>"; };
		F09CA3C02344FF2700342FB2 /* ArticleViewModelTests.swift */ = {isa = PBXFileReference; lastKnownFileType = sourcecode.swift; path = ArticleViewModelTests.swift; sourceTree = "<group>"; };
/* End PBXFileReference section */

/* Begin PBXFrameworksBuildPhase section */
		F09CA3702344EACC00342FB2 /* Frameworks */ = {
			isa = PBXFrameworksBuildPhase;
			buildActionMask = 2147483647;
			files = (
			);
			runOnlyForDeploymentPostprocessing = 0;
		};
		F09CA3AD2344F64300342FB2 /* Frameworks */ = {
			isa = PBXFrameworksBuildPhase;
			buildActionMask = 2147483647;
			files = (
			);
			runOnlyForDeploymentPostprocessing = 0;
		};
/* End PBXFrameworksBuildPhase section */

/* Begin PBXGroup section */
		F09CA36A2344EACC00342FB2 = {
			isa = PBXGroup;
			children = (
				F09CA3752344EACC00342FB2 /* iOSTesting-Techniques */,
				F09CA3B12344F64300342FB2 /* iOSTesting-TechniquesTests */,
				F09CA3742344EACC00342FB2 /* Products */,
			);
			sourceTree = "<group>";
		};
		F09CA3742344EACC00342FB2 /* Products */ = {
			isa = PBXGroup;
			children = (
				F09CA3732344EACC00342FB2 /* iOSTesting-Techniques.app */,
				F09CA3B02344F64300342FB2 /* iOSTesting-TechniquesTests.xctest */,
			);
			name = Products;
			sourceTree = "<group>";
		};
		F09CA3752344EACC00342FB2 /* iOSTesting-Techniques */ = {
			isa = PBXGroup;
			children = (
				F09CA3BB2344F66800342FB2 /* NetworkCode */,
				F09CA3762344EACC00342FB2 /* AppDelegate.swift */,
				F09CA3782344EACC00342FB2 /* SceneDelegate.swift */,
				F09CA37A2344EACC00342FB2 /* ViewController.swift */,
				F09CA37C2344EACC00342FB2 /* Main.storyboard */,
				F09CA37F2344EACD00342FB2 /* Assets.xcassets */,
				F09CA3812344EACD00342FB2 /* LaunchScreen.storyboard */,
				F09CA3842344EACD00342FB2 /* Info.plist */,
				F09CA3AA2344F62800342FB2 /* MockURLProtocol.swift */,
			);
			path = "iOSTesting-Techniques";
			sourceTree = "<group>";
		};
		F09CA3B12344F64300342FB2 /* iOSTesting-TechniquesTests */ = {
			isa = PBXGroup;
			children = (
				F09CA3B42344F64300342FB2 /* Info.plist */,
				F09CA3C02344FF2700342FB2 /* ArticleViewModelTests.swift */,
			);
			path = "iOSTesting-TechniquesTests";
			sourceTree = "<group>";
		};
		F09CA3BB2344F66800342FB2 /* NetworkCode */ = {
			isa = PBXGroup;
			children = (
				F09CA3BC2344F6D100342FB2 /* ArticlesViewModel.swift */,
				F09CA3BE2344F88800342FB2 /* NetworkResult.swift */,
			);
			path = NetworkCode;
			sourceTree = "<group>";
		};
/* End PBXGroup section */

/* Begin PBXNativeTarget section */
		F09CA3722344EACC00342FB2 /* iOSTesting-Techniques */ = {
			isa = PBXNativeTarget;
			buildConfigurationList = F09CA3872344EACD00342FB2 /* Build configuration list for PBXNativeTarget "iOSTesting-Techniques" */;
			buildPhases = (
				F09CA36F2344EACC00342FB2 /* Sources */,
				F09CA3702344EACC00342FB2 /* Frameworks */,
				F09CA3712344EACC00342FB2 /* Resources */,
			);
			buildRules = (
			);
			dependencies = (
			);
			name = "iOSTesting-Techniques";
			productName = "iOSTesting-Techniques";
			productReference = F09CA3732344EACC00342FB2 /* iOSTesting-Techniques.app */;
			productType = "com.apple.product-type.application";
		};
		F09CA3AF2344F64300342FB2 /* iOSTesting-TechniquesTests */ = {
			isa = PBXNativeTarget;
			buildConfigurationList = F09CA3B72344F64300342FB2 /* Build configuration list for PBXNativeTarget "iOSTesting-TechniquesTests" */;
			buildPhases = (
				F09CA3AC2344F64300342FB2 /* Sources */,
				F09CA3AD2344F64300342FB2 /* Frameworks */,
				F09CA3AE2344F64300342FB2 /* Resources */,
			);
			buildRules = (
			);
			dependencies = (
				F09CA3B62344F64300342FB2 /* PBXTargetDependency */,
			);
			name = "iOSTesting-TechniquesTests";
			productName = "iOSTesting-TechniquesTests";
			productReference = F09CA3B02344F64300342FB2 /* iOSTesting-TechniquesTests.xctest */;
			productType = "com.apple.product-type.bundle.unit-test";
		};
/* End PBXNativeTarget section */

/* Begin PBXProject section */
		F09CA36B2344EACC00342FB2 /* Project object */ = {
			isa = PBXProject;
			attributes = {
				LastSwiftUpdateCheck = 1100;
				LastUpgradeCheck = 1100;
				ORGANIZATIONNAME = "kumar reddy";
				TargetAttributes = {
					F09CA3722344EACC00342FB2 = {
						CreatedOnToolsVersion = 11.0;
					};
					F09CA3AF2344F64300342FB2 = {
						CreatedOnToolsVersion = 11.0;
						TestTargetID = F09CA3722344EACC00342FB2;
					};
				};
			};
			buildConfigurationList = F09CA36E2344EACC00342FB2 /* Build configuration list for PBXProject "iOSTesting-Techniques" */;
			compatibilityVersion = "Xcode 9.3";
			developmentRegion = en;
			hasScannedForEncodings = 0;
			knownRegions = (
				en,
				Base,
			);
			mainGroup = F09CA36A2344EACC00342FB2;
			productRefGroup = F09CA3742344EACC00342FB2 /* Products */;
			projectDirPath = "";
			projectRoot = "";
			targets = (
				F09CA3722344EACC00342FB2 /* iOSTesting-Techniques */,
				F09CA3AF2344F64300342FB2 /* iOSTesting-TechniquesTests */,
			);
		};
/* End PBXProject section */

/* Begin PBXResourcesBuildPhase section */
		F09CA3712344EACC00342FB2 /* Resources */ = {
			isa = PBXResourcesBuildPhase;
			buildActionMask = 2147483647;
			files = (
				F09CA3832344EACD00342FB2 /* LaunchScreen.storyboard in Resources */,
				F09CA3802344EACD00342FB2 /* Assets.xcassets in Resources */,
				F09CA37E2344EACC00342FB2 /* Main.storyboard in Resources */,
			);
			runOnlyForDeploymentPostprocessing = 0;
		};
		F09CA3AE2344F64300342FB2 /* Resources */ = {
			isa = PBXResourcesBuildPhase;
			buildActionMask = 2147483647;
			files = (
			);
			runOnlyForDeploymentPostprocessing = 0;
		};
/* End PBXResourcesBuildPhase section */

/* Begin PBXSourcesBuildPhase section */
		F09CA36F2344EACC00342FB2 /* Sources */ = {
			isa = PBXSourcesBuildPhase;
			buildActionMask = 2147483647;
			files = (
				F09CA37B2344EACC00342FB2 /* ViewController.swift in Sources */,
				F09CA3BD2344F6D100342FB2 /* ArticlesViewModel.swift in Sources */,
				F09CA3772344EACC00342FB2 /* AppDelegate.swift in Sources */,
				F09CA3BF2344F88800342FB2 /* NetworkResult.swift in Sources */,
				F09CA3792344EACC00342FB2 /* SceneDelegate.swift in Sources */,
				F09CA3AB2344F62800342FB2 /* MockURLProtocol.swift in Sources */,
			);
			runOnlyForDeploymentPostprocessing = 0;
		};
		F09CA3AC2344F64300342FB2 /* Sources */ = {
			isa = PBXSourcesBuildPhase;
			buildActionMask = 2147483647;
			files = (
				F09CA3BA2344F64C00342FB2 /* MockURLProtocol.swift in Sources */,
				F09CA3C12344FF2700342FB2 /* ArticleViewModelTests.swift in Sources */,
			);
			runOnlyForDeploymentPostprocessing = 0;
		};
/* End PBXSourcesBuildPhase section */

/* Begin PBXTargetDependency section */
		F09CA3B62344F64300342FB2 /* PBXTargetDependency */ = {
			isa = PBXTargetDependency;
			target = F09CA3722344EACC00342FB2 /* iOSTesting-Techniques */;
			targetProxy = F09CA3B52344F64300342FB2 /* PBXContainerItemProxy */;
		};
/* End PBXTargetDependency section */

/* Begin PBXVariantGroup section */
		F09CA37C2344EACC00342FB2 /* Main.storyboard */ = {
			isa = PBXVariantGroup;
			children = (
				F09CA37D2344EACC00342FB2 /* Base */,
			);
			name = Main.storyboard;
			sourceTree = "<group>";
		};
		F09CA3812344EACD00342FB2 /* LaunchScreen.storyboard */ = {
			isa = PBXVariantGroup;
			children = (
				F09CA3822344EACD00342FB2 /* Base */,
			);
			name = LaunchScreen.storyboard;
			sourceTree = "<group>";
		};
/* End PBXVariantGroup section */

/* Begin XCBuildConfiguration section */
		F09CA3852344EACD00342FB2 /* Debug */ = {
			isa = XCBuildConfiguration;
			buildSettings = {
				ALWAYS_SEARCH_USER_PATHS = NO;
				CLANG_ANALYZER_NONNULL = YES;
				CLANG_ANALYZER_NUMBER_OBJECT_CONVERSION = YES_AGGRESSIVE;
				CLANG_CXX_LANGUAGE_STANDARD = "gnu++14";
				CLANG_CXX_LIBRARY = "libc++";
				CLANG_ENABLE_MODULES = YES;
				CLANG_ENABLE_OBJC_ARC = YES;
				CLANG_ENABLE_OBJC_WEAK = YES;
				CLANG_WARN_BLOCK_CAPTURE_AUTORELEASING = YES;
				CLANG_WARN_BOOL_CONVERSION = YES;
				CLANG_WARN_COMMA = YES;
				CLANG_WARN_CONSTANT_CONVERSION = YES;
				CLANG_WARN_DEPRECATED_OBJC_IMPLEMENTATIONS = YES;
				CLANG_WARN_DIRECT_OBJC_ISA_USAGE = YES_ERROR;
				CLANG_WARN_DOCUMENTATION_COMMENTS = YES;
				CLANG_WARN_EMPTY_BODY = YES;
				CLANG_WARN_ENUM_CONVERSION = YES;
				CLANG_WARN_INFINITE_RECURSION = YES;
				CLANG_WARN_INT_CONVERSION = YES;
				CLANG_WARN_NON_LITERAL_NULL_CONVERSION = YES;
				CLANG_WARN_OBJC_IMPLICIT_RETAIN_SELF = YES;
				CLANG_WARN_OBJC_LITERAL_CONVERSION = YES;
				CLANG_WARN_OBJC_ROOT_CLASS = YES_ERROR;
				CLANG_WARN_RANGE_LOOP_ANALYSIS = YES;
				CLANG_WARN_STRICT_PROTOTYPES = YES;
				CLANG_WARN_SUSPICIOUS_MOVE = YES;
				CLANG_WARN_UNGUARDED_AVAILABILITY = YES_AGGRESSIVE;
				CLANG_WARN_UNREACHABLE_CODE = YES;
				CLANG_WARN__DUPLICATE_METHOD_MATCH = YES;
				COPY_PHASE_STRIP = NO;
				DEBUG_INFORMATION_FORMAT = dwarf;
				ENABLE_STRICT_OBJC_MSGSEND = YES;
				ENABLE_TESTABILITY = YES;
				GCC_C_LANGUAGE_STANDARD = gnu11;
				GCC_DYNAMIC_NO_PIC = NO;
				GCC_NO_COMMON_BLOCKS = YES;
				GCC_OPTIMIZATION_LEVEL = 0;
				GCC_PREPROCESSOR_DEFINITIONS = (
					"DEBUG=1",
					"$(inherited)",
				);
				GCC_WARN_64_TO_32_BIT_CONVERSION = YES;
				GCC_WARN_ABOUT_RETURN_TYPE = YES_ERROR;
				GCC_WARN_UNDECLARED_SELECTOR = YES;
				GCC_WARN_UNINITIALIZED_AUTOS = YES_AGGRESSIVE;
				GCC_WARN_UNUSED_FUNCTION = YES;
				GCC_WARN_UNUSED_VARIABLE = YES;
				IPHONEOS_DEPLOYMENT_TARGET = 13.0;
				MTL_ENABLE_DEBUG_INFO = INCLUDE_SOURCE;
				MTL_FAST_MATH = YES;
				ONLY_ACTIVE_ARCH = YES;
				SDKROOT = iphoneos;
				SWIFT_ACTIVE_COMPILATION_CONDITIONS = DEBUG;
				SWIFT_OPTIMIZATION_LEVEL = "-Onone";
			};
			name = Debug;
		};
		F09CA3862344EACD00342FB2 /* Release */ = {
			isa = XCBuildConfiguration;
			buildSettings = {
				ALWAYS_SEARCH_USER_PATHS = NO;
				CLANG_ANALYZER_NONNULL = YES;
				CLANG_ANALYZER_NUMBER_OBJECT_CONVERSION = YES_AGGRESSIVE;
				CLANG_CXX_LANGUAGE_STANDARD = "gnu++14";
				CLANG_CXX_LIBRARY = "libc++";
				CLANG_ENABLE_MODULES = YES;
				CLANG_ENABLE_OBJC_ARC = YES;
				CLANG_ENABLE_OBJC_WEAK = YES;
				CLANG_WARN_BLOCK_CAPTURE_AUTORELEASING = YES;
				CLANG_WARN_BOOL_CONVERSION = YES;
				CLANG_WARN_COMMA = YES;
				CLANG_WARN_CONSTANT_CONVERSION = YES;
				CLANG_WARN_DEPRECATED_OBJC_IMPLEMENTATIONS = YES;
				CLANG_WARN_DIRECT_OBJC_ISA_USAGE = YES_ERROR;
				CLANG_WARN_DOCUMENTATION_COMMENTS = YES;
				CLANG_WARN_EMPTY_BODY = YES;
				CLANG_WARN_ENUM_CONVERSION = YES;
				CLANG_WARN_INFINITE_RECURSION = YES;
				CLANG_WARN_INT_CONVERSION = YES;
				CLANG_WARN_NON_LITERAL_NULL_CONVERSION = YES;
				CLANG_WARN_OBJC_IMPLICIT_RETAIN_SELF = YES;
				CLANG_WARN_OBJC_LITERAL_CONVERSION = YES;
				CLANG_WARN_OBJC_ROOT_CLASS = YES_ERROR;
				CLANG_WARN_RANGE_LOOP_ANALYSIS = YES;
				CLANG_WARN_STRICT_PROTOTYPES = YES;
				CLANG_WARN_SUSPICIOUS_MOVE = YES;
				CLANG_WARN_UNGUARDED_AVAILABILITY = YES_AGGRESSIVE;
				CLANG_WARN_UNREACHABLE_CODE = YES;
				CLANG_WARN__DUPLICATE_METHOD_MATCH = YES;
				COPY_PHASE_STRIP = NO;
				DEBUG_INFORMATION_FORMAT = "dwarf-with-dsym";
				ENABLE_NS_ASSERTIONS = NO;
				ENABLE_STRICT_OBJC_MSGSEND = YES;
				GCC_C_LANGUAGE_STANDARD = gnu11;
				GCC_NO_COMMON_BLOCKS = YES;
				GCC_WARN_64_TO_32_BIT_CONVERSION = YES;
				GCC_WARN_ABOUT_RETURN_TYPE = YES_ERROR;
				GCC_WARN_UNDECLARED_SELECTOR = YES;
				GCC_WARN_UNINITIALIZED_AUTOS = YES_AGGRESSIVE;
				GCC_WARN_UNUSED_FUNCTION = YES;
				GCC_WARN_UNUSED_VARIABLE = YES;
				IPHONEOS_DEPLOYMENT_TARGET = 13.0;
				MTL_ENABLE_DEBUG_INFO = NO;
				MTL_FAST_MATH = YES;
				SDKROOT = iphoneos;
				SWIFT_COMPILATION_MODE = wholemodule;
				SWIFT_OPTIMIZATION_LEVEL = "-O";
				VALIDATE_PRODUCT = YES;
			};
			name = Release;
		};
		F09CA3882344EACD00342FB2 /* Debug */ = {
			isa = XCBuildConfiguration;
			buildSettings = {
				ASSETCATALOG_COMPILER_APPICON_NAME = AppIcon;
				CODE_SIGN_STYLE = Automatic;
				DEVELOPMENT_TEAM = C8STGDD3H7;
				INFOPLIST_FILE = "iOSTesting-Techniques/Info.plist";
				LD_RUNPATH_SEARCH_PATHS = (
					"$(inherited)",
					"@executable_path/Frameworks",
				);
				PRODUCT_BUNDLE_IDENTIFIER = "com.ios.testing.iOSTesting-Techniques";
				PRODUCT_NAME = "$(TARGET_NAME)";
				SWIFT_VERSION = 5.0;
				TARGETED_DEVICE_FAMILY = "1,2";
			};
			name = Debug;
		};
		F09CA3892344EACD00342FB2 /* Release */ = {
			isa = XCBuildConfiguration;
			buildSettings = {
				ASSETCATALOG_COMPILER_APPICON_NAME = AppIcon;
				CODE_SIGN_STYLE = Automatic;
				DEVELOPMENT_TEAM = C8STGDD3H7;
				INFOPLIST_FILE = "iOSTesting-Techniques/Info.plist";
				LD_RUNPATH_SEARCH_PATHS = (
					"$(inherited)",
					"@executable_path/Frameworks",
				);
				PRODUCT_BUNDLE_IDENTIFIER = "com.ios.testing.iOSTesting-Techniques";
				PRODUCT_NAME = "$(TARGET_NAME)";
				SWIFT_VERSION = 5.0;
				TARGETED_DEVICE_FAMILY = "1,2";
			};
			name = Release;
		};
		F09CA3B82344F64300342FB2 /* Debug */ = {
			isa = XCBuildConfiguration;
			buildSettings = {
				BUNDLE_LOADER = "$(TEST_HOST)";
				CODE_SIGN_STYLE = Automatic;
				DEVELOPMENT_TEAM = C8STGDD3H7;
				INFOPLIST_FILE = "iOSTesting-TechniquesTests/Info.plist";
				LD_RUNPATH_SEARCH_PATHS = (
					"$(inherited)",
					"@executable_path/Frameworks",
					"@loader_path/Frameworks",
				);
				PRODUCT_BUNDLE_IDENTIFIER = "com.ios.testing.iOSTesting-TechniquesTests";
				PRODUCT_NAME = "$(TARGET_NAME)";
				SWIFT_VERSION = 5.0;
				TARGETED_DEVICE_FAMILY = "1,2";
				TEST_HOST = "$(BUILT_PRODUCTS_DIR)/iOSTesting-Techniques.app/iOSTesting-Techniques";
			};
			name = Debug;
		};
		F09CA3B92344F64300342FB2 /* Release */ = {
			isa = XCBuildConfiguration;
			buildSettings = {
				BUNDLE_LOADER = "$(TEST_HOST)";
				CODE_SIGN_STYLE = Automatic;
				DEVELOPMENT_TEAM = C8STGDD3H7;
				INFOPLIST_FILE = "iOSTesting-TechniquesTests/Info.plist";
				LD_RUNPATH_SEARCH_PATHS = (
					"$(inherited)",
					"@executable_path/Frameworks",
					"@loader_path/Frameworks",
				);
				PRODUCT_BUNDLE_IDENTIFIER = "com.ios.testing.iOSTesting-TechniquesTests";
				PRODUCT_NAME = "$(TARGET_NAME)";
				SWIFT_VERSION = 5.0;
				TARGETED_DEVICE_FAMILY = "1,2";
				TEST_HOST = "$(BUILT_PRODUCTS_DIR)/iOSTesting-Techniques.app/iOSTesting-Techniques";
			};
			name = Release;
		};
/* End XCBuildConfiguration section */

/* Begin XCConfigurationList section */
		F09CA36E2344EACC00342FB2 /* Build configuration list for PBXProject "iOSTesting-Techniques" */ = {
			isa = XCConfigurationList;
			buildConfigurations = (
				F09CA3852344EACD00342FB2 /* Debug */,
				F09CA3862344EACD00342FB2 /* Release */,
			);
			defaultConfigurationIsVisible = 0;
			defaultConfigurationName = Release;
		};
		F09CA3872344EACD00342FB2 /* Build configuration list for PBXNativeTarget "iOSTesting-Techniques" */ = {
			isa = XCConfigurationList;
			buildConfigurations = (
				F09CA3882344EACD00342FB2 /* Debug */,
				F09CA3892344EACD00342FB2 /* Release */,
			);
			defaultConfigurationIsVisible = 0;
			defaultConfigurationName = Release;
		};
		F09CA3B72344F64300342FB2 /* Build configuration list for PBXNativeTarget "iOSTesting-TechniquesTests" */ = {
			isa = XCConfigurationList;
			buildConfigurations = (
				F09CA3B82344F64300342FB2 /* Debug */,
				F09CA3B92344F64300342FB2 /* Release */,
			);
			defaultConfigurationIsVisible = 0;
			defaultConfigurationName = Release;
		};
/* End XCConfigurationList section */
	};
	rootObject = F09CA36B2344EACC00342FB2 /* Project object */;
}
